// !$*UTF8*$!
{
	archiveVersion = 1;
	classes = {
	};
	objectVersion = 46;
	objects = {

/* Begin PBXBuildFile section */
		CA0B98FF1C39F25500675770 /* AlbertEinsteinStamp.jpg in Resources */ = {isa = PBXBuildFile; fileRef = CA0B98FE1C39F25500675770 /* AlbertEinsteinStamp.jpg */; };
		CAF854FD1C13922400572A15 /* AppDelegate.swift in Sources */ = {isa = PBXBuildFile; fileRef = CAF854FC1C13922400572A15 /* AppDelegate.swift */; };
		CAF854FF1C13922400572A15 /* ViewController.swift in Sources */ = {isa = PBXBuildFile; fileRef = CAF854FE1C13922400572A15 /* ViewController.swift */; };
		CAF855021C13922400572A15 /* Main.storyboard in Resources */ = {isa = PBXBuildFile; fileRef = CAF855001C13922400572A15 /* Main.storyboard */; };
		CAF855041C13922400572A15 /* Assets.xcassets in Resources */ = {isa = PBXBuildFile; fileRef = CAF855031C13922400572A15 /* Assets.xcassets */; };
		CAF855071C13922400572A15 /* LaunchScreen.storyboard in Resources */ = {isa = PBXBuildFile; fileRef = CAF855051C13922400572A15 /* LaunchScreen.storyboard */; };
		CAF855121C13922400572A15 /* PostcardTests.swift in Sources */ = {isa = PBXBuildFile; fileRef = CAF855111C13922400572A15 /* PostcardTests.swift */; };
		CAF8551D1C13922400572A15 /* PostcardUITests.swift in Sources */ = {isa = PBXBuildFile; fileRef = CAF8551C1C13922400572A15 /* PostcardUITests.swift */; };
		CAF8552B1C1395CD00572A15 /* SagradaFamilia.jpeg in Resources */ = {isa = PBXBuildFile; fileRef = CAF8552A1C1395CD00572A15 /* SagradaFamilia.jpeg */; };
/* End PBXBuildFile section */

/* Begin PBXContainerItemProxy section */
		CAF8550E1C13922400572A15 /* PBXContainerItemProxy */ = {
			isa = PBXContainerItemProxy;
			containerPortal = CAF854F11C13922400572A15 /* Project object */;
			proxyType = 1;
			remoteGlobalIDString = CAF854F81C13922400572A15;
			remoteInfo = Postcard;
		};
		CAF855191C13922400572A15 /* PBXContainerItemProxy */ = {
			isa = PBXContainerItemProxy;
			containerPortal = CAF854F11C13922400572A15 /* Project object */;
			proxyType = 1;
			remoteGlobalIDString = CAF854F81C13922400572A15;
			remoteInfo = Postcard;
		};
/* End PBXContainerItemProxy section */

/* Begin PBXFileReference section */
		CA0B98FE1C39F25500675770 /* AlbertEinsteinStamp.jpg */ = {isa = PBXFileReference; lastKnownFileType = image.jpeg; path = AlbertEinsteinStamp.jpg; sourceTree = "<group>"; };
		CAF854F91C13922400572A15 /* Postcard.app */ = {isa = PBXFileReference; explicitFileType = wrapper.application; includeInIndex = 0; path = Postcard.app; sourceTree = BUILT_PRODUCTS_DIR; };
		CAF854FC1C13922400572A15 /* AppDelegate.swift */ = {isa = PBXFileReference; lastKnownFileType = sourcecode.swift; path = AppDelegate.swift; sourceTree = "<group>"; };
		CAF854FE1C13922400572A15 /* ViewController.swift */ = {isa = PBXFileReference; lastKnownFileType = sourcecode.swift; path = ViewController.swift; sourceTree = "<group>"; };
		CAF855011C13922400572A15 /* Base */ = {isa = PBXFileReference; lastKnownFileType = file.storyboard; name = Base; path = Base.lproj/Main.storyboard; sourceTree = "<group>"; };
		CAF855031C13922400572A15 /* Assets.xcassets */ = {isa = PBXFileReference; lastKnownFileType = folder.assetcatalog; path = Assets.xcassets; sourceTree = "<group>"; };
		CAF855061C13922400572A15 /* Base */ = {isa = PBXFileReference; lastKnownFileType = file.storyboard; name = Base; path = Base.lproj/LaunchScreen.storyboard; sourceTree = "<group>"; };
		CAF855081C13922400572A15 /* Info.plist */ = {isa = PBXFileReference; lastKnownFileType = text.plist.xml; path = Info.plist; sourceTree = "<group>"; };
		CAF8550D1C13922400572A15 /* PostcardTests.xctest */ = {isa = PBXFileReference; explicitFileType = wrapper.cfbundle; includeInIndex = 0; path = PostcardTests.xctest; sourceTree = BUILT_PRODUCTS_DIR; };
		CAF855111C13922400572A15 /* PostcardTests.swift */ = {isa = PBXFileReference; lastKnownFileType = sourcecode.swift; path = PostcardTests.swift; sourceTree = "<group>"; };
		CAF855131C13922400572A15 /* Info.plist */ = {isa = PBXFileReference; lastKnownFileType = text.plist.xml; path = Info.plist; sourceTree = "<group>"; };
		CAF855181C13922400572A15 /* PostcardUITests.xctest */ = {isa = PBXFileReference; explicitFileType = wrapper.cfbundle; includeInIndex = 0; path = PostcardUITests.xctest; sourceTree = BUILT_PRODUCTS_DIR; };
		CAF8551C1C13922400572A15 /* PostcardUITests.swift */ = {isa = PBXFileReference; lastKnownFileType = sourcecode.swift; path = PostcardUITests.swift; sourceTree = "<group>"; };
		CAF8551E1C13922400572A15 /* Info.plist */ = {isa = PBXFileReference; lastKnownFileType = text.plist.xml; path = Info.plist; sourceTree = "<group>"; };
		CAF8552A1C1395CD00572A15 /* SagradaFamilia.jpeg */ = {isa = PBXFileReference; lastKnownFileType = image.jpeg; path = SagradaFamilia.jpeg; sourceTree = "<group>"; };
/* End PBXFileReference section */

/* Begin PBXFrameworksBuildPhase section */
		CAF854F61C13922400572A15 /* Frameworks */ = {
			isa = PBXFrameworksBuildPhase;
			buildActionMask = 2147483647;
			files = (
			);
			runOnlyForDeploymentPostprocessing = 0;
		};
		CAF8550A1C13922400572A15 /* Frameworks */ = {
			isa = PBXFrameworksBuildPhase;
			buildActionMask = 2147483647;
			files = (
			);
			runOnlyForDeploymentPostprocessing = 0;
		};
		CAF855151C13922400572A15 /* Frameworks */ = {
			isa = PBXFrameworksBuildPhase;
			buildActionMask = 2147483647;
			files = (
			);
			runOnlyForDeploymentPostprocessing = 0;
		};
/* End PBXFrameworksBuildPhase section */

/* Begin PBXGroup section */
		CAF854F01C13922400572A15 = {
			isa = PBXGroup;
			children = (
				CAF854FB1C13922400572A15 /* Postcard */,
				CAF855101C13922400572A15 /* PostcardTests */,
				CAF8551B1C13922400572A15 /* PostcardUITests */,
				CAF854FA1C13922400572A15 /* Products */,
				CAF8552A1C1395CD00572A15 /* SagradaFamilia.jpeg */,
				CA0B98FE1C39F25500675770 /* AlbertEinsteinStamp.jpg */,
			);
			sourceTree = "<group>";
		};
		CAF854FA1C13922400572A15 /* Products */ = {
			isa = PBXGroup;
			children = (
				CAF854F91C13922400572A15 /* Postcard.app */,
				CAF8550D1C13922400572A15 /* PostcardTests.xctest */,
				CAF855181C13922400572A15 /* PostcardUITests.xctest */,
			);
			name = Products;
			sourceTree = "<group>";
		};
		CAF854FB1C13922400572A15 /* Postcard */ = {
			isa = PBXGroup;
			children = (
				CAF854FC1C13922400572A15 /* AppDelegate.swift */,
				CAF854FE1C13922400572A15 /* ViewController.swift */,
				CAF855001C13922400572A15 /* Main.storyboard */,
				CAF855031C13922400572A15 /* Assets.xcassets */,
				CAF855051C13922400572A15 /* LaunchScreen.storyboard */,
				CAF855081C13922400572A15 /* Info.plist */,
			);
			path = Postcard;
			sourceTree = "<group>";
		};
		CAF855101C13922400572A15 /* PostcardTests */ = {
			isa = PBXGroup;
			children = (
				CAF855111C13922400572A15 /* PostcardTests.swift */,
				CAF855131C13922400572A15 /* Info.plist */,
			);
			path = PostcardTests;
			sourceTree = "<group>";
		};
		CAF8551B1C13922400572A15 /* PostcardUITests */ = {
			isa = PBXGroup;
			children = (
				CAF8551C1C13922400572A15 /* PostcardUITests.swift */,
				CAF8551E1C13922400572A15 /* Info.plist */,
			);
			path = PostcardUITests;
			sourceTree = "<group>";
		};
/* End PBXGroup section */

/* Begin PBXNativeTarget section */
		CAF854F81C13922400572A15 /* Postcard */ = {
			isa = PBXNativeTarget;
			buildConfigurationList = CAF855211C13922400572A15 /* Build configuration list for PBXNativeTarget "Postcard" */;
			buildPhases = (
				CAF854F51C13922400572A15 /* Sources */,
				CAF854F61C13922400572A15 /* Frameworks */,
				CAF854F71C13922400572A15 /* Resources */,
			);
			buildRules = (
			);
			dependencies = (
			);
			name = Postcard;
			productName = Postcard;
			productReference = CAF854F91C13922400572A15 /* Postcard.app */;
			productType = "com.apple.product-type.application";
		};
		CAF8550C1C13922400572A15 /* PostcardTests */ = {
			isa = PBXNativeTarget;
			buildConfigurationList = CAF855241C13922400572A15 /* Build configuration list for PBXNativeTarget "PostcardTests" */;
			buildPhases = (
				CAF855091C13922400572A15 /* Sources */,
				CAF8550A1C13922400572A15 /* Frameworks */,
				CAF8550B1C13922400572A15 /* Resources */,
			);
			buildRules = (
			);
			dependencies = (
				CAF8550F1C13922400572A15 /* PBXTargetDependency */,
			);
			name = PostcardTests;
			productName = PostcardTests;
			productReference = CAF8550D1C13922400572A15 /* PostcardTests.xctest */;
			productType = "com.apple.product-type.bundle.unit-test";
		};
		CAF855171C13922400572A15 /* PostcardUITests */ = {
			isa = PBXNativeTarget;
			buildConfigurationList = CAF855271C13922400572A15 /* Build configuration list for PBXNativeTarget "PostcardUITests" */;
			buildPhases = (
				CAF855141C13922400572A15 /* Sources */,
				CAF855151C13922400572A15 /* Frameworks */,
				CAF855161C13922400572A15 /* Resources */,
			);
			buildRules = (
			);
			dependencies = (
				CAF8551A1C13922400572A15 /* PBXTargetDependency */,
			);
			name = PostcardUITests;
			productName = PostcardUITests;
			productReference = CAF855181C13922400572A15 /* PostcardUITests.xctest */;
			productType = "com.apple.product-type.bundle.ui-testing";
		};
/* End PBXNativeTarget section */

/* Begin PBXProject section */
		CAF854F11C13922400572A15 /* Project object */ = {
			isa = PBXProject;
			attributes = {
				LastSwiftUpdateCheck = 0710;
				LastUpgradeCheck = 0710;
				ORGANIZATIONNAME = "Stephen Mcgauley";
				TargetAttributes = {
					CAF854F81C13922400572A15 = {
						CreatedOnToolsVersion = 7.1.1;
					};
					CAF8550C1C13922400572A15 = {
						CreatedOnToolsVersion = 7.1.1;
						TestTargetID = CAF854F81C13922400572A15;
					};
					CAF855171C13922400572A15 = {
						CreatedOnToolsVersion = 7.1.1;
						TestTargetID = CAF854F81C13922400572A15;
					};
				};
			};
			buildConfigurationList = CAF854F41C13922400572A15 /* Build configuration list for PBXProject "Postcard" */;
			compatibilityVersion = "Xcode 3.2";
			developmentRegion = English;
			hasScannedForEncodings = 0;
			knownRegions = (
				en,
				Base,
			);
			mainGroup = CAF854F01C13922400572A15;
			productRefGroup = CAF854FA1C13922400572A15 /* Products */;
			projectDirPath = "";
			projectRoot = "";
			targets = (
				CAF854F81C13922400572A15 /* Postcard */,
				CAF8550C1C13922400572A15 /* PostcardTests */,
				CAF855171C13922400572A15 /* PostcardUITests */,
			);
		};
/* End PBXProject section */

/* Begin PBXResourcesBuildPhase section */
		CAF854F71C13922400572A15 /* Resources */ = {
			isa = PBXResourcesBuildPhase;
			buildActionMask = 2147483647;
			files = (
				CAF855071C13922400572A15 /* LaunchScreen.storyboard in Resources */,
				CAF8552B1C1395CD00572A15 /* SagradaFamilia.jpeg in Resources */,
				CA0B98FF1C39F25500675770 /* AlbertEinsteinStamp.jpg in Resources */,
				CAF855041C13922400572A15 /* Assets.xcassets in Resources */,
				CAF855021C13922400572A15 /* Main.storyboard in Resources */,
			);
			runOnlyForDeploymentPostprocessing = 0;
		};
		CAF8550B1C13922400572A15 /* Resources */ = {
			isa = PBXResourcesBuildPhase;
			buildActionMask = 2147483647;
			files = (
			);
			runOnlyForDeploymentPostprocessing = 0;
		};
		CAF855161C13922400572A15 /* Resources */ = {
			isa = PBXResourcesBuildPhase;
			buildActionMask = 2147483647;
			files = (
			);
			runOnlyForDeploymentPostprocessing = 0;
		};
/* End PBXResourcesBuildPhase section */

/* Begin PBXSourcesBuildPhase section */
		CAF854F51C13922400572A15 /* Sources */ = {
			isa = PBXSourcesBuildPhase;
			buildActionMask = 2147483647;
			files = (
				CAF854FF1C13922400572A15 /* ViewController.swift in Sources */,
				CAF854FD1C13922400572A15 /* AppDelegate.swift in Sources */,
			);
			runOnlyForDeploymentPostprocessing = 0;
		};
		CAF855091C13922400572A15 /* Sources */ = {
			isa = PBXSourcesBuildPhase;
			buildActionMask = 2147483647;
			files = (
				CAF855121C13922400572A15 /* PostcardTests.swift in Sources */,
			);
			runOnlyForDeploymentPostprocessing = 0;
		};
		CAF855141C13922400572A15 /* Sources */ = {
			isa = PBXSourcesBuildPhase;
			buildActionMask = 2147483647;
			files = (
				CAF8551D1C13922400572A15 /* PostcardUITests.swift in Sources */,
			);
			runOnlyForDeploymentPostprocessing = 0;
		};
/* End PBXSourcesBuildPhase section */

/* Begin PBXTargetDependency section */
		CAF8550F1C13922400572A15 /* PBXTargetDependency */ = {
			isa = PBXTargetDependency;
			target = CAF854F81C13922400572A15 /* Postcard */;
			targetProxy = CAF8550E1C13922400572A15 /* PBXContainerItemProxy */;
		};
		CAF8551A1C13922400572A15 /* PBXTargetDependency */ = {
			isa = PBXTargetDependency;
			target = CAF854F81C13922400572A15 /* Postcard */;
			targetProxy = CAF855191C13922400572A15 /* PBXContainerItemProxy */;
		};
/* End PBXTargetDependency section */

/* Begin PBXVariantGroup section */
		CAF855001C13922400572A15 /* Main.storyboard */ = {
			isa = PBXVariantGroup;
			children = (
				CAF855011C13922400572A15 /* Base */,
			);
			name = Main.storyboard;
			sourceTree = "<group>";
		};
		CAF855051C13922400572A15 /* LaunchScreen.storyboard */ = {
			isa = PBXVariantGroup;
			children = (
				CAF855061C13922400572A15 /* Base */,
			);
			name = LaunchScreen.storyboard;
			sourceTree = "<group>";
		};
/* End PBXVariantGroup section */

/* Begin XCBuildConfiguration section */
		CAF8551F1C13922400572A15 /* Debug */ = {
			isa = XCBuildConfiguration;
			buildSettings = {
				ALWAYS_SEARCH_USER_PATHS = NO;
				CLANG_CXX_LANGUAGE_STANDARD = "gnu++0x";
				CLANG_CXX_LIBRARY = "libc++";
				CLANG_ENABLE_MODULES = YES;
				CLANG_ENABLE_OBJC_ARC = YES;
				CLANG_WARN_BOOL_CONVERSION = YES;
				CLANG_WARN_CONSTANT_CONVERSION = YES;
				CLANG_WARN_DIRECT_OBJC_ISA_USAGE = YES_ERROR;
				CLANG_WARN_EMPTY_BODY = YES;
				CLANG_WARN_ENUM_CONVERSION = YES;
				CLANG_WARN_INT_CONVERSION = YES;
				CLANG_WARN_OBJC_ROOT_CLASS = YES_ERROR;
				CLANG_WARN_UNREACHABLE_CODE = YES;
				CLANG_WARN__DUPLICATE_METHOD_MATCH = YES;
				"CODE_SIGN_IDENTITY[sdk=iphoneos*]" = "iPhone Developer";
				COPY_PHASE_STRIP = NO;
				DEBUG_INFORMATION_FORMAT = dwarf;
				ENABLE_STRICT_OBJC_MSGSEND = YES;
				ENABLE_TESTABILITY = YES;
				GCC_C_LANGUAGE_STANDARD = gnu99;
				GCC_DYNAMIC_NO_PIC = NO;
				GCC_NO_COMMON_BLOCKS = YES;
				GCC_OPTIMIZATION_LEVEL = 0;
				GCC_PREPROCESSOR_DEFINITIONS = (
					"DEBUG=1",
					"$(inherited)",
				);
				GCC_WARN_64_TO_32_BIT_CONVERSION = YES;
				GCC_WARN_ABOUT_RETURN_TYPE = YES_ERROR;
				GCC_WARN_UNDECLARED_SELECTOR = YES;
				GCC_WARN_UNINITIALIZED_AUTOS = YES_AGGRESSIVE;
				GCC_WARN_UNUSED_FUNCTION = YES;
				GCC_WARN_UNUSED_VARIABLE = YES;
				IPHONEOS_DEPLOYMENT_TARGET = 9.1;
				MTL_ENABLE_DEBUG_INFO = YES;
				ONLY_ACTIVE_ARCH = YES;
				SDKROOT = iphoneos;
				SWIFT_OPTIMIZATION_LEVEL = "-Onone";
				TARGETED_DEVICE_FAMILY = "1,2";
			};
			name = Debug;
		};
		CAF855201C13922400572A15 /* Release */ = {
			isa = XCBuildConfiguration;
			buildSettings = {
				ALWAYS_SEARCH_USER_PATHS = NO;
				CLANG_CXX_LANGUAGE_STANDARD = "gnu++0x";
				CLANG_CXX_LIBRARY = "libc++";
				CLANG_ENABLE_MODULES = YES;
				CLANG_ENABLE_OBJC_ARC = YES;
				CLANG_WARN_BOOL_CONVERSION = YES;
				CLANG_WARN_CONSTANT_CONVERSION = YES;
				CLANG_WARN_DIRECT_OBJC_ISA_USAGE = YES_ERROR;
				CLANG_WARN_EMPTY_BODY = YES;
				CLANG_WARN_ENUM_CONVERSION = YES;
				CLANG_WARN_INT_CONVERSION = YES;
				CLANG_WARN_OBJC_ROOT_CLASS = YES_ERROR;
				CLANG_WARN_UNREACHABLE_CODE = YES;
				CLANG_WARN__DUPLICATE_METHOD_MATCH = YES;
				"CODE_SIGN_IDENTITY[sdk=iphoneos*]" = "iPhone Developer";
				COPY_PHASE_STRIP = NO;
				DEBUG_INFORMATION_FORMAT = "dwarf-with-dsym";
				ENABLE_NS_ASSERTIONS = NO;
				ENABLE_STRICT_OBJC_MSGSEND = YES;
				GCC_C_LANGUAGE_STANDARD = gnu99;
				GCC_NO_COMMON_BLOCKS = YES;
				GCC_WARN_64_TO_32_BIT_CONVERSION = YES;
				GCC_WARN_ABOUT_RETURN_TYPE = YES_ERROR;
				GCC_WARN_UNDECLARED_SELECTOR = YES;
				GCC_WARN_UNINITIALIZED_AUTOS = YES_AGGRESSIVE;
				GCC_WARN_UNUSED_FUNCTION = YES;
				GCC_WARN_UNUSED_VARIABLE = YES;
				IPHONEOS_DEPLOYMENT_TARGET = 9.1;
				MTL_ENABLE_DEBUG_INFO = NO;
				SDKROOT = iphoneos;
				TARGETED_DEVICE_FAMILY = "1,2";
				VALIDATE_PRODUCT = YES;
			};
			name = Release;
		};
		CAF855221C13922400572A15 /* Debug */ = {
			isa = XCBuildConfiguration;
			buildSettings = {
				ASSETCATALOG_COMPILER_APPICON_NAME = AppIcon;
				INFOPLIST_FILE = Postcard/Info.plist;
				LD_RUNPATH_SEARCH_PATHS = "$(inherited) @executable_path/Frameworks";
				PRODUCT_BUNDLE_IDENTIFIER = Me.Postcard;
				PRODUCT_NAME = "$(TARGET_NAME)";
			};
			name = Debug;
		};
		CAF855231C13922400572A15 /* Release */ = {
			isa = XCBuildConfiguration;
			buildSettings = {
				ASSETCATALOG_COMPILER_APPICON_NAME = AppIcon;
				INFOPLIST_FILE = Postcard/Info.plist;
				LD_RUNPATH_SEARCH_PATHS = "$(inherited) @executable_path/Frameworks";
				PRODUCT_BUNDLE_IDENTIFIER = Me.Postcard;
				PRODUCT_NAME = "$(TARGET_NAME)";
			};
			name = Release;
		};
		CAF855251C13922400572A15 /* Debug */ = {
			isa = XCBuildConfiguration;
			buildSettings = {
				BUNDLE_LOADER = "$(TEST_HOST)";
				INFOPLIST_FILE = PostcardTests/Info.plist;
				LD_RUNPATH_SEARCH_PATHS = "$(inherited) @executable_path/Frameworks @loader_path/Frameworks";
				PRODUCT_BUNDLE_IDENTIFIER = Me.PostcardTests;
				PRODUCT_NAME = "$(TARGET_NAME)";
				TEST_HOST = "$(BUILT_PRODUCTS_DIR)/Postcard.app/Postcard";
			};
			name = Debug;
		};
		CAF855261C13922400572A15 /* Release */ = {
			isa = XCBuildConfiguration;
			buildSettings = {
				BUNDLE_LOADER = "$(TEST_HOST)";
				INFOPLIST_FILE = PostcardTests/Info.plist;
				LD_RUNPATH_SEARCH_PATHS = "$(inherited) @executable_path/Frameworks @loader_path/Frameworks";
				PRODUCT_BUNDLE_IDENTIFIER = Me.PostcardTests;
				PRODUCT_NAME = "$(TARGET_NAME)";
				TEST_HOST = "$(BUILT_PRODUCTS_DIR)/Postcard.app/Postcard";
			};
			name = Release;
		};
		CAF855281C13922400572A15 /* Debug */ = {
			isa = XCBuildConfiguration;
			buildSettings = {
				INFOPLIST_FILE = PostcardUITests/Info.plist;
				LD_RUNPATH_SEARCH_PATHS = "$(inherited) @executable_path/Frameworks @loader_path/Frameworks";
				PRODUCT_BUNDLE_IDENTIFIER = Me.PostcardUITests;
				PRODUCT_NAME = "$(TARGET_NAME)";
				TEST_TARGET_NAME = Postcard;
				USES_XCTRUNNER = YES;
			};
			name = Debug;
		};
		CAF855291C13922400572A15 /* Release */ = {
			isa = XCBuildConfiguration;
			buildSettings = {
				INFOPLIST_FILE = PostcardUITests/Info.plist;
				LD_RUNPATH_SEARCH_PATHS = "$(inherited) @executable_path/Frameworks @loader_path/Frameworks";
				PRODUCT_BUNDLE_IDENTIFIER = Me.PostcardUITests;
				PRODUCT_NAME = "$(TARGET_NAME)";
				TEST_TARGET_NAME = Postcard;
				USES_XCTRUNNER = YES;
			};
			name = Release;
		};
/* End XCBuildConfiguration section */

/* Begin XCConfigurationList section */
		CAF854F41C13922400572A15 /* Build configuration list for PBXProject "Postcard" */ = {
			isa = XCConfigurationList;
			buildConfigurations = (
				CAF8551F1C13922400572A15 /* Debug */,
				CAF855201C13922400572A15 /* Release */,
			);
			defaultConfigurationIsVisible = 0;
			defaultConfigurationName = Release;
		};
		CAF855211C13922400572A15 /* Build configuration list for PBXNativeTarget "Postcard" */ = {
			isa = XCConfigurationList;
			buildConfigurations = (
				CAF855221C13922400572A15 /* Debug */,
				CAF855231C13922400572A15 /* Release */,
			);
			defaultConfigurationIsVisible = 0;
			defaultConfigurationName = Release;
		};
		CAF855241C13922400572A15 /* Build configuration list for PBXNativeTarget "PostcardTests" */ = {
			isa = XCConfigurationList;
			buildConfigurations = (
				CAF855251C13922400572A15 /* Debug */,
				CAF855261C13922400572A15 /* Release */,
			);
			defaultConfigurationIsVisible = 0;
			defaultConfigurationName = Release;
		};
		CAF855271C13922400572A15 /* Build configuration list for PBXNativeTarget "PostcardUITests" */ = {
			isa = XCConfigurationList;
			buildConfigurations = (
				CAF855281C13922400572A15 /* Debug */,
				CAF855291C13922400572A15 /* Release */,
			);
			defaultConfigurationIsVisible = 0;
			defaultConfigurationName = Release;
		};
/* End XCConfigurationList section */
	};
	rootObject = CAF854F11C13922400572A15 /* Project object */;
}
